
Microsoft Visual Studio Solution File, Format Version 12.00
# Visual Studio Version 17
VisualStudioVersion = 17.9.34728.123
MinimumVisualStudioVersion = 10.0.40219.1
Project("{FAE04EC0-301F-11D3-BF4B-00C04F79EFBC}") = "AgendaFuncionalLista", "AgendaFuncionalLista\AgendaFuncionalLista.csproj", "{0A9DCE1E-D7B3-46BA-8044-4492CB7E2061}"
EndProject
Global
	GlobalSection(SolutionConfigurationPlatforms) = preSolution
		Debug|Any CPU = Debug|Any CPU
		Release|Any CPU = Release|Any CPU
	EndGlobalSection
	GlobalSection(ProjectConfigurationPlatforms) = postSolution
		{0A9DCE1E-D7B3-46BA-8044-4492CB7E2061}.Debug|Any CPU.ActiveCfg = Debug|Any CPU
		{0A9DCE1E-D7B3-46BA-8044-4492CB7E2061}.Debug|Any CPU.Build.0 = Debug|Any CPU
		{0A9DCE1E-D7B3-46BA-8044-4492CB7E2061}.Release|Any CPU.ActiveCfg = Release|Any CPU
		{0A9DCE1E-D7B3-46BA-8044-4492CB7E2061}.Release|Any CPU.Build.0 = Release|Any CPU
	EndGlobalSection
	GlobalSection(SolutionProperties) = preSolution
		HideSolutionNode = FALSE
	EndGlobalSection
	GlobalSection(ExtensibilityGlobals) = postSolution
		SolutionGuid = {6C7FA8A2-2A7F-4E7B-A03C-9289D5B87CA4}
	EndGlobalSection
EndGlobal
